<?xml version="1.0" encoding="utf-8"?>
<Project ToolsVersion="4.0" xmlns="http://schemas.microsoft.com/developer/msbuild/2003">
  <ItemGroup>
    <None Include="ReadMe.txt" />
    <None Include="..\GUC_312_61_37825_2023-11-06T13_59_16\Debug\glut32.dll" />
    <None Include="..\..\..\simple_maze_for_vr\simple_maze\scene.bin" />
  </ItemGroup>
  <ItemGroup>
    <Filter Include="Source Files">
      <UniqueIdentifier>{6c45f8fb-d770-4f7d-b3c8-da1caae30faa}</UniqueIdentifier>
    </Filter>
    <Filter Include="Resource Files">
      <UniqueIdentifier>{20bcb72d-7769-48b8-ab13-db35047ab7b4}</UniqueIdentifier>
    </Filter>
    <Filter Include="Header Files">
      <UniqueIdentifier>{7202bdcb-f5fd-45ba-a360-d78d8317aa29}</UniqueIdentifier>
    </Filter>
  </ItemGroup>
  <ItemGroup>
    <ClCompile Include="GLTexture.cpp">
      <Filter>Source Files</Filter>
    </ClCompile>
    <ClCompile Include="Model_3DS.cpp">
      <Filter>Source Files</Filter>
    </ClCompile>
    <ClCompile Include="OpenGLMeshLoader.cpp">
      <Filter>Source Files</Filter>
    </ClCompile>
    <ClCompile Include="Player.cpp">
      <Filter>Source Files</Filter>
    </ClCompile>
    <ClCompile Include="FirstScene.cpp">
      <Filter>Source Files</Filter>
    </ClCompile>
    <ClCompile Include="AnimatingValue.cpp" />
    <ClCompile Include="Camera.cpp" />
    <ClCompile Include="Collectable.cpp" />
    <ClCompile Include="CollisionBox.cpp" />
    <ClCompile Include="Game.cpp" />
    <ClCompile Include="GameObject.cpp" />
    <ClCompile Include="GameScene.cpp" />
    <ClCompile Include="GameText.cpp" />
    <ClCompile Include="GameSettings.cpp" />
    <ClCompile Include="Goal.cpp" />
    <ClCompile Include="Ground.cpp" />
    <ClCompile Include="main.cpp" />
    <ClCompile Include="Obstacle.cpp" />
    <ClCompile Include="SecondScene.cpp" />
    <ClCompile Include="Skybox.cpp" />
    <ClCompile Include="utils.cpp" />
    <ClCompile Include="Vector3f.cpp" />
    <ClCompile Include="Maze.cpp" />
    <ClCompile Include="MazeWall.cpp" />
    <ClCompile Include="DeathScene.cpp" />
    <ClCompile Include="MazeGate.cpp" />
    <ClCompile Include="Torch.cpp" />
  </ItemGroup>
  <ItemGroup>
    <ClInclude Include="GLTexture.h">
      <Filter>Header Files</Filter>
    </ClInclude>
    <ClInclude Include="Model_3DS.h">
      <Filter>Header Files</Filter>
    </ClInclude>
    <ClInclude Include="Player.h">
      <Filter>Source Files</Filter>
    </ClInclude>
    <ClInclude Include="FirstScene.h">
      <Filter>Source Files</Filter>
    </ClInclude>
    <ClInclude Include="AnimatingValue.h" />
    <ClInclude Include="Camera.h" />
    <ClInclude Include="Collectable.h" />
    <ClInclude Include="CollisionBox.h" />
    <ClInclude Include="Game.h" />
    <ClInclude Include="GameObject.h" />
    <ClInclude Include="GameScene.h" />
    <ClInclude Include="GameText.h" />
    <ClInclude Include="GameSettings.h" />
    <ClInclude Include="glew.h" />
    <ClInclude Include="glut.h" />
    <ClInclude Include="Goal.h" />
    <ClInclude Include="Ground.h" />
    <ClInclude Include="Obstacle.h" />
    <ClInclude Include="SecondScene.h" />
    <ClInclude Include="Skybox.h" />
    <ClInclude Include="TextureBuilder.h" />
    <ClInclude Include="utils.h" />
    <ClInclude Include="Vector3f.h" />
    <ClInclude Include="Maze.h" />
    <ClInclude Include="MazeWall.h" />
    <ClInclude Include="DeathScene.h" />
    <ClInclude Include="MazeGate.h" />
    <ClInclude Include="Torch.h" />
  </ItemGroup>
  <ItemGroup>
    <Media Include="Sounds\plane-elevate.mp3" />
  </ItemGroup>
  <ItemGroup>
    <Image Include="..\3D-Game\textures\ground.bmp" />
  </ItemGroup>
</Project>